<?xml version="1.0" encoding="UTF-8"?>
<CONFIG>
  <ProjectOptions>
    <Version Value="10"/>
    <PathDelim Value="\"/>
    <General>
      <Flags>
        <MainUnitHasUsesSectionForAllUnits Value="False"/>
        <MainUnitHasCreateFormStatements Value="False"/>
        <MainUnitHasTitleStatement Value="False"/>
      </Flags>
      <SessionStorage Value="InProjectDir"/>
      <MainUnit Value="0"/>
      <Title Value="XSIDToMIDI"/>
      <UseAppBundle Value="False"/>
      <ResourceType Value="res"/>
      <UseXPManifest Value="True"/>
      <Icon Value="0"/>
    </General>
    <i18n>
      <EnableI18N LFM="False"/>
    </i18n>
    <VersionInfo>
      <StringTable ProductVersion=""/>
    </VersionInfo>
    <BuildModes Count="1">
      <Item1 Name="Default" Default="True"/>
    </BuildModes>
    <PublishOptions>
      <Version Value="2"/>
    </PublishOptions>
    <RunParams>
      <local>
        <FormatVersion Value="1"/>
      </local>
    </RunParams>
    <RequiredPackages Count="2">
      <Item1>
        <PackageName Value="virtualtreeview_package"/>
      </Item1>
      <Item2>
        <PackageName Value="LCL"/>
      </Item2>
    </RequiredPackages>
    <Units Count="24">
      <Unit0>
        <Filename Value="XSIDToMIDI.lpr"/>
        <IsPartOfProject Value="True"/>
      </Unit0>
      <Unit1>
        <Filename Value="FPC\FormXSIDToMIDIMain.pas"/>
        <IsPartOfProject Value="True"/>
        <ComponentName Value="XSIDToMIDIMainForm"/>
        <HasResources Value="True"/>
        <ResourceBaseClass Value="Form"/>
      </Unit1>
      <Unit2>
        <Filename Value="Common\FormFileLoad.pas"/>
        <IsPartOfProject Value="True"/>
        <ComponentName Value="FileLoadForm"/>
        <HasResources Value="True"/>
        <ResourceBaseClass Value="Form"/>
      </Unit2>
      <Unit3>
        <Filename Value="Common\C64Types.pas"/>
        <IsPartOfProject Value="True"/>
      </Unit3>
      <Unit4>
        <Filename Value="Common\XSIDFiles.pas"/>
        <IsPartOfProject Value="True"/>
      </Unit4>
      <Unit5>
        <Filename Value="LZMA.442b\compression\LZ\ULZBinTree.pas"/>
        <IsPartOfProject Value="True"/>
      </Unit5>
      <Unit6>
        <Filename Value="LZMA.442b\compression\LZ\ULZInWindow.pas"/>
        <IsPartOfProject Value="True"/>
      </Unit6>
      <Unit7>
        <Filename Value="LZMA.442b\compression\LZ\ULZOutWindow.pas"/>
        <IsPartOfProject Value="True"/>
      </Unit7>
      <Unit8>
        <Filename Value="LZMA.442b\compression\LZMA\ULZMABase.pas"/>
        <IsPartOfProject Value="True"/>
      </Unit8>
      <Unit9>
        <Filename Value="LZMA.442b\compression\LZMA\ULZMACommon.pas"/>
        <IsPartOfProject Value="True"/>
      </Unit9>
      <Unit10>
        <Filename Value="LZMA.442b\compression\LZMA\ULZMADecoder.pas"/>
        <IsPartOfProject Value="True"/>
      </Unit10>
      <Unit11>
        <Filename Value="LZMA.442b\compression\LZMA\ULZMAEncoder.pas"/>
        <IsPartOfProject Value="True"/>
      </Unit11>
      <Unit12>
        <Filename Value="LZMA.442b\compression\RangeCoder\UBitTreeDecoder.pas"/>
        <IsPartOfProject Value="True"/>
      </Unit12>
      <Unit13>
        <Filename Value="LZMA.442b\compression\RangeCoder\UBitTreeEncoder.pas"/>
        <IsPartOfProject Value="True"/>
      </Unit13>
      <Unit14>
        <Filename Value="LZMA.442b\compression\RangeCoder\URangeDecoder.pas"/>
        <IsPartOfProject Value="True"/>
      </Unit14>
      <Unit15>
        <Filename Value="LZMA.442b\compression\RangeCoder\URangeEncoder.pas"/>
        <IsPartOfProject Value="True"/>
      </Unit15>
      <Unit16>
        <Filename Value="Common\XSIDTypes.pas"/>
        <IsPartOfProject Value="True"/>
      </Unit16>
      <Unit17>
        <Filename Value="Common\XSIDAudioDump.pas"/>
        <IsPartOfProject Value="True"/>
      </Unit17>
      <Unit18>
        <Filename Value="Common\XSIDToMIDITypes.pas"/>
        <IsPartOfProject Value="True"/>
      </Unit18>
      <Unit19>
        <Filename Value="Common\XSIDThread.pas"/>
        <IsPartOfProject Value="True"/>
      </Unit19>
      <Unit20>
        <Filename Value="Common\C64Thread.pas"/>
        <IsPartOfProject Value="True"/>
      </Unit20>
      <Unit21>
        <Filename Value="Common\ReSIDFP.pas"/>
        <IsPartOfProject Value="True"/>
      </Unit21>
      <Unit22>
        <Filename Value="Common\FormDumpProgress.pas"/>
        <IsPartOfProject Value="True"/>
        <ComponentName Value="DumpProgressForm"/>
        <HasResources Value="True"/>
        <ResourceBaseClass Value="Form"/>
      </Unit22>
      <Unit23>
        <Filename Value="Common\FormMIDIMapping.pas"/>
        <IsPartOfProject Value="True"/>
        <HasResources Value="True"/>
      </Unit23>
    </Units>
  </ProjectOptions>
  <CompilerOptions>
    <Version Value="11"/>
    <PathDelim Value="\"/>
    <SearchPaths>
      <IncludeFiles Value="LZMA.442b\compression\LZ;LZMA.442b\compression\LZMA;LZMA.442b\compression\RangeCoder;Common;FPC;$(ProjOutDir)"/>
      <OtherUnitFiles Value="LZMA.442b\compression\LZ;LZMA.442b\compression\LZMA;LZMA.442b\compression\RangeCoder;Common;FPC"/>
    </SearchPaths>
    <Parsing>
      <SyntaxOptions>
        <SyntaxMode Value="Delphi"/>
      </SyntaxOptions>
    </Parsing>
    <Linking>
      <Options>
        <PassLinkerOptions Value="True"/>
        <LinkerOptions Value="-rpath .\"/>
        <Win32>
          <GraphicApplication Value="True"/>
        </Win32>
      </Options>
    </Linking>
    <Other>
      <CustomOptions Value="-dBorland -dVer150 -dDelphi7 -dCompiler6_Up -dPUREPASCAL"/>
    </Other>
  </CompilerOptions>
  <Debugging>
    <Exceptions Count="3">
      <Item1>
        <Name Value="EAbort"/>
      </Item1>
      <Item2>
        <Name Value="ECodetoolError"/>
      </Item2>
      <Item3>
        <Name Value="EFOpenError"/>
      </Item3>
    </Exceptions>
  </Debugging>
</CONFIG>
