<?xml version="1.0" encoding="utf-8"?>
<Project ToolsVersion="4.0" xmlns="http://schemas.microsoft.com/developer/msbuild/2003">
  <ItemGroup>
    <Filter Include="Source Files">
      <UniqueIdentifier>{4FC737F1-C7A5-4376-A066-2A32D752A2FF}</UniqueIdentifier>
      <Extensions>cpp;c;cc;cxx;def;odl;idl;hpj;bat;asm;asmx</Extensions>
    </Filter>
    <Filter Include="Header Files">
      <UniqueIdentifier>{93995380-89BD-4b04-88EB-625FBE52EBFB}</UniqueIdentifier>
      <Extensions>h;hh;hpp;hxx;hm;inl;inc;xsd</Extensions>
    </Filter>
    <Filter Include="Resource Files">
      <UniqueIdentifier>{67DA6AB6-F800-4c08-8B7A-83BB121AAD01}</UniqueIdentifier>
      <Extensions>rc;ico;cur;bmp;dlg;rc2;rct;bin;rgs;gif;jpg;jpeg;jpe;resx;tiff;tif;png;wav;mfcribbon-ms</Extensions>
    </Filter>
  </ItemGroup>
  <ItemGroup>
    <Text Include="ReadMe.txt" />
  </ItemGroup>
  <ItemGroup>
    <ClInclude Include="stdafx.h">
      <Filter>Header Files</Filter>
    </ClInclude>
    <ClInclude Include="targetver.h">
      <Filter>Header Files</Filter>
    </ClInclude>
    <ClInclude Include="src\event.h">
      <Filter>Header Files</Filter>
    </ClInclude>
    <ClInclude Include="src\EventScheduler.h">
      <Filter>Header Files</Filter>
    </ClInclude>
    <ClInclude Include="src\mixer.h">
      <Filter>Header Files</Filter>
    </ClInclude>
    <ClInclude Include="src\player.h">
      <Filter>Header Files</Filter>
    </ClInclude>
    <ClInclude Include="src\psiddrv.h">
      <Filter>Header Files</Filter>
    </ClInclude>
    <ClInclude Include="src\reloc65.h">
      <Filter>Header Files</Filter>
    </ClInclude>
    <ClInclude Include="src\romCheck.h">
      <Filter>Header Files</Filter>
    </ClInclude>
    <ClInclude Include="src\sidbuilder.h">
      <Filter>Header Files</Filter>
    </ClInclude>
    <ClInclude Include="src\SidConfig.h">
      <Filter>Header Files</Filter>
    </ClInclude>
    <ClInclude Include="src\siddefs.h">
      <Filter>Header Files</Filter>
    </ClInclude>
    <ClInclude Include="src\sidemu.h">
      <Filter>Header Files</Filter>
    </ClInclude>
    <ClInclude Include="src\sidendian.h">
      <Filter>Header Files</Filter>
    </ClInclude>
    <ClInclude Include="src\SidInfo.h">
      <Filter>Header Files</Filter>
    </ClInclude>
    <ClInclude Include="src\SidInfoImpl.h">
      <Filter>Header Files</Filter>
    </ClInclude>
    <ClInclude Include="src\sidmd5.h">
      <Filter>Header Files</Filter>
    </ClInclude>
    <ClInclude Include="src\sidmemory.h">
      <Filter>Header Files</Filter>
    </ClInclude>
    <ClInclude Include="src\sidplayfp.h">
      <Filter>Header Files</Filter>
    </ClInclude>
    <ClInclude Include="src\sidrandom.h">
      <Filter>Header Files</Filter>
    </ClInclude>
    <ClInclude Include="src\SidTune.h">
      <Filter>Header Files</Filter>
    </ClInclude>
    <ClInclude Include="src\SidTuneInfo.h">
      <Filter>Header Files</Filter>
    </ClInclude>
    <ClInclude Include="src\stringutils.h">
      <Filter>Header Files</Filter>
    </ClInclude>
    <ClInclude Include="src\sidversion.h">
      <Filter>Header Files</Filter>
    </ClInclude>
    <ClInclude Include="src\utils\iniParser.h">
      <Filter>Header Files</Filter>
    </ClInclude>
    <ClInclude Include="src\utils\SidDatabase.h">
      <Filter>Header Files</Filter>
    </ClInclude>
    <ClInclude Include="src\c64\c64.h">
      <Filter>Header Files</Filter>
    </ClInclude>
    <ClInclude Include="src\c64\c64cia.h">
      <Filter>Header Files</Filter>
    </ClInclude>
    <ClInclude Include="src\c64\c64cpu.h">
      <Filter>Header Files</Filter>
    </ClInclude>
    <ClInclude Include="src\c64\c64env.h">
      <Filter>Header Files</Filter>
    </ClInclude>
    <ClInclude Include="src\c64\c64sid.h">
      <Filter>Header Files</Filter>
    </ClInclude>
    <ClInclude Include="src\c64\c64vic.h">
      <Filter>Header Files</Filter>
    </ClInclude>
    <ClInclude Include="src\c64\component.h">
      <Filter>Header Files</Filter>
    </ClInclude>
    <ClInclude Include="src\c64\mmu.h">
      <Filter>Header Files</Filter>
    </ClInclude>
    <ClInclude Include="src\sidtune\MUS.h">
      <Filter>Header Files</Filter>
    </ClInclude>
    <ClInclude Include="src\sidtune\p00.h">
      <Filter>Header Files</Filter>
    </ClInclude>
    <ClInclude Include="src\sidtune\prg.h">
      <Filter>Header Files</Filter>
    </ClInclude>
    <ClInclude Include="src\sidtune\PSID.h">
      <Filter>Header Files</Filter>
    </ClInclude>
    <ClInclude Include="src\sidtune\SidTuneBase.h">
      <Filter>Header Files</Filter>
    </ClInclude>
    <ClInclude Include="src\sidtune\SidTuneCfg.h">
      <Filter>Header Files</Filter>
    </ClInclude>
    <ClInclude Include="src\sidtune\SidTuneInfoImpl.h">
      <Filter>Header Files</Filter>
    </ClInclude>
    <ClInclude Include="src\sidtune\SidTuneTools.h">
      <Filter>Header Files</Filter>
    </ClInclude>
    <ClInclude Include="src\sidtune\SmartPtr.h">
      <Filter>Header Files</Filter>
    </ClInclude>
    <ClInclude Include="src\c64\Banks\Bank.h">
      <Filter>Header Files</Filter>
    </ClInclude>
    <ClInclude Include="src\c64\Banks\ColorRAMBank.h">
      <Filter>Header Files</Filter>
    </ClInclude>
    <ClInclude Include="src\c64\Banks\DisconnectedBusBank.h">
      <Filter>Header Files</Filter>
    </ClInclude>
    <ClInclude Include="src\c64\Banks\ExtraSidBank.h">
      <Filter>Header Files</Filter>
    </ClInclude>
    <ClInclude Include="src\c64\Banks\IOBank.h">
      <Filter>Header Files</Filter>
    </ClInclude>
    <ClInclude Include="src\c64\Banks\NullSid.h">
      <Filter>Header Files</Filter>
    </ClInclude>
    <ClInclude Include="src\c64\Banks\SidBank.h">
      <Filter>Header Files</Filter>
    </ClInclude>
    <ClInclude Include="src\c64\Banks\SystemRAMBank.h">
      <Filter>Header Files</Filter>
    </ClInclude>
    <ClInclude Include="src\c64\Banks\SystemROMBanks.h">
      <Filter>Header Files</Filter>
    </ClInclude>
    <ClInclude Include="src\c64\Banks\ZeroRAMBank.h">
      <Filter>Header Files</Filter>
    </ClInclude>
    <ClInclude Include="src\c64\CIA\mos6526.h">
      <Filter>Header Files</Filter>
    </ClInclude>
    <ClInclude Include="src\c64\CIA\timer.h">
      <Filter>Header Files</Filter>
    </ClInclude>
    <ClInclude Include="src\c64\CIA\tod.h">
      <Filter>Header Files</Filter>
    </ClInclude>
    <ClInclude Include="src\c64\CPU\flags.h">
      <Filter>Header Files</Filter>
    </ClInclude>
    <ClInclude Include="src\c64\CPU\mos6510.h">
      <Filter>Header Files</Filter>
    </ClInclude>
    <ClInclude Include="src\c64\CPU\mos6510debug.h">
      <Filter>Header Files</Filter>
    </ClInclude>
    <ClInclude Include="src\c64\CPU\opcodes.h">
      <Filter>Header Files</Filter>
    </ClInclude>
    <ClInclude Include="src\c64\VIC_II\lightpen.h">
      <Filter>Header Files</Filter>
    </ClInclude>
    <ClInclude Include="src\c64\VIC_II\mos656x.h">
      <Filter>Header Files</Filter>
    </ClInclude>
    <ClInclude Include="src\c64\VIC_II\sprites.h">
      <Filter>Header Files</Filter>
    </ClInclude>
    <ClInclude Include="src\utils\MD5\MD5.h">
      <Filter>Header Files</Filter>
    </ClInclude>
    <ClInclude Include="src\utils\MD5\md5_defs.h">
      <Filter>Header Files</Filter>
    </ClInclude>
    <ClInclude Include="src\utils\STILview\stil.h">
      <Filter>Header Files</Filter>
    </ClInclude>
    <ClInclude Include="src\utils\STILview\stildefs.h">
      <Filter>Header Files</Filter>
    </ClInclude>
    <ClInclude Include="src\dump\dumpsid-builder.h">
      <Filter>Header Files</Filter>
    </ClInclude>
    <ClInclude Include="src\dump\dumpsid.h">
      <Filter>Header Files</Filter>
    </ClInclude>
    <ClInclude Include="LIBSIDPlay.h">
      <Filter>Header Files</Filter>
    </ClInclude>
  </ItemGroup>
  <ItemGroup>
    <ClCompile Include="stdafx.cpp">
      <Filter>Source Files</Filter>
    </ClCompile>
    <ClCompile Include="LIBSIDPlay.cpp">
      <Filter>Source Files</Filter>
    </ClCompile>
    <ClCompile Include="dllmain.cpp">
      <Filter>Source Files</Filter>
    </ClCompile>
    <ClCompile Include="src\config.cpp">
      <Filter>Source Files</Filter>
    </ClCompile>
    <ClCompile Include="src\EventScheduler.cpp">
      <Filter>Source Files</Filter>
    </ClCompile>
    <ClCompile Include="src\utils\iniParser.cpp">
      <Filter>Source Files</Filter>
    </ClCompile>
    <ClCompile Include="src\mixer.cpp">
      <Filter>Source Files</Filter>
    </ClCompile>
    <ClCompile Include="src\player.cpp">
      <Filter>Source Files</Filter>
    </ClCompile>
    <ClCompile Include="src\psiddrv.cpp">
      <Filter>Source Files</Filter>
    </ClCompile>
    <ClCompile Include="src\reloc65.cpp">
      <Filter>Source Files</Filter>
    </ClCompile>
    <ClCompile Include="src\sidbuilder.cpp">
      <Filter>Source Files</Filter>
    </ClCompile>
    <ClCompile Include="src\SidConfig.cpp">
      <Filter>Source Files</Filter>
    </ClCompile>
    <ClCompile Include="src\utils\SidDatabase.cpp">
      <Filter>Source Files</Filter>
    </ClCompile>
    <ClCompile Include="src\sidemu.cpp">
      <Filter>Source Files</Filter>
    </ClCompile>
    <ClCompile Include="src\SidTune.cpp">
      <Filter>Source Files</Filter>
    </ClCompile>
    <ClCompile Include="src\sidplayfp.cpp">
      <Filter>Source Files</Filter>
    </ClCompile>
    <ClCompile Include="src\c64\c64.cpp">
      <Filter>Source Files</Filter>
    </ClCompile>
    <ClCompile Include="src\c64\mmu.cpp">
      <Filter>Source Files</Filter>
    </ClCompile>
    <ClCompile Include="src\sidtune\MUS.cpp">
      <Filter>Source Files</Filter>
    </ClCompile>
    <ClCompile Include="src\sidtune\p00.cpp">
      <Filter>Source Files</Filter>
    </ClCompile>
    <ClCompile Include="src\sidtune\prg.cpp">
      <Filter>Source Files</Filter>
    </ClCompile>
    <ClCompile Include="src\sidtune\PSID.cpp">
      <Filter>Source Files</Filter>
    </ClCompile>
    <ClCompile Include="src\sidtune\SidTuneBase.cpp">
      <Filter>Source Files</Filter>
    </ClCompile>
    <ClCompile Include="src\sidtune\SidTuneTools.cpp">
      <Filter>Source Files</Filter>
    </ClCompile>
    <ClCompile Include="src\c64\CIA\mos6526.cpp">
      <Filter>Source Files</Filter>
    </ClCompile>
    <ClCompile Include="src\c64\CIA\timer.cpp">
      <Filter>Source Files</Filter>
    </ClCompile>
    <ClCompile Include="src\c64\CIA\tod.cpp">
      <Filter>Source Files</Filter>
    </ClCompile>
    <ClCompile Include="src\c64\CPU\mos6510.cpp">
      <Filter>Source Files</Filter>
    </ClCompile>
    <ClCompile Include="src\c64\CPU\mos6510debug.cpp">
      <Filter>Source Files</Filter>
    </ClCompile>
    <ClCompile Include="src\c64\VIC_II\mos656x.cpp">
      <Filter>Source Files</Filter>
    </ClCompile>
    <ClCompile Include="src\utils\MD5\MD5.cpp">
      <Filter>Source Files</Filter>
    </ClCompile>
    <ClCompile Include="src\utils\STILview\stil.cpp">
      <Filter>Source Files</Filter>
    </ClCompile>
    <ClCompile Include="src\dump\dumpsid-builder.cpp">
      <Filter>Source Files</Filter>
    </ClCompile>
    <ClCompile Include="src\dump\dumpsid.cpp">
      <Filter>Source Files</Filter>
    </ClCompile>
  </ItemGroup>
  <ItemGroup>
    <None Include="src\psiddrv.a65">
      <Filter>Source Files</Filter>
    </None>
    <None Include="src\poweron.bin">
      <Filter>Resource Files</Filter>
    </None>
    <None Include="src\psiddrv.bin">
      <Filter>Resource Files</Filter>
    </None>
    <None Include="src\sidtune\sidplayer.bin">
      <Filter>Resource Files</Filter>
    </None>
  </ItemGroup>
</Project>